
Microsoft Visual Studio Solution File, Format Version 12.00
# Visual Studio Version 17
VisualStudioVersion = 17.3.32519.111
MinimumVisualStudioVersion = 10.0.40219.1
Project("{9092AA53-FB77-4645-B42D-1CCCA6BD08BD}") = "TwoSum", "TwoSum\TwoSum.njsproj", "{19ABBB78-6A30-4E43-95E3-385C06924D64}"
EndProject
Project("{9092AA53-FB77-4645-B42D-1CCCA6BD08BD}") = "3Sum", "3Sum\3Sum.njsproj", "{B748A195-400E-4296-928C-A5D66BB43D56}"
EndProject
Project("{9092AA53-FB77-4645-B42D-1CCCA6BD08BD}") = "3sum-closest", "3sum-closest\3sum-closest.njsproj", "{A38498BD-B0F2-47E0-8812-1F3ADC9C592F}"
EndProject
Project("{9092AA53-FB77-4645-B42D-1CCCA6BD08BD}") = "maximum-erasure-value", "maximum-erasure-value\maximum-erasure-value.njsproj", "{8DA75009-6207-401E-90D6-30A7EE4B5CC9}"
EndProject
Project("{9092AA53-FB77-4645-B42D-1CCCA6BD08BD}") = "minimum-operations-to-reduce-x-to-zero", "minimum-operations-to-reduce-x-to-zero\minimum-operations-to-reduce-x-to-zero.njsproj", "{DA8F3A89-4603-4BD0-A0C3-6FB2036476D6}"
EndProject
Project("{9092AA53-FB77-4645-B42D-1CCCA6BD08BD}") = "add-two-numbers", "add-two-numbers\add-two-numbers.njsproj", "{7801A3A4-3DF5-4E38-950F-E0DDAE061B7A}"
EndProject
Project("{9092AA53-FB77-4645-B42D-1CCCA6BD08BD}") = "Triangle", "Triangle\Triangle.njsproj", "{DB8CF351-A367-4482-B9EE-CC3E7B315D3C}"
EndProject
Project("{9092AA53-FB77-4645-B42D-1CCCA6BD08BD}") = "longest-substring-without-repeating-characters", "longest-substring-without-repeating-characters\longest-substring-without-repeating-characters.njsproj", "{F2E7CFC0-99CF-498A-9F3B-4BE8F3C706EE}"
EndProject
Project("{9092AA53-FB77-4645-B42D-1CCCA6BD08BD}") = "median-of-two-sorted-arrays", "median-of-two-sorted-arrays\median-of-two-sorted-arrays.njsproj", "{9BF93C53-8678-405B-9FC9-F92F620017AB}"
EndProject
Project("{9092AA53-FB77-4645-B42D-1CCCA6BD08BD}") = "longest-palindromic-substring", "longest-palindromic-substring\longest-palindromic-substring.njsproj", "{0925A35B-7E7B-4BEC-98F9-3D4E384FD5E7}"
EndProject
Project("{9092AA53-FB77-4645-B42D-1CCCA6BD08BD}") = "number-of-digit-one", "number-of-digit-one\number-of-digit-one.njsproj", "{B9A1D3E0-0AD0-457E-9126-426E6BDECF63}"
EndProject
Project("{9092AA53-FB77-4645-B42D-1CCCA6BD08BD}") = "maximum-width-ramp", "maximum-width-ramp\maximum-width-ramp.njsproj", "{629EB8AB-91B2-4FBF-968E-3EF42187262E}"
EndProject
Project("{9092AA53-FB77-4645-B42D-1CCCA6BD08BD}") = "delete-operation-for-two-strings", "delete-operation-for-two-strings\delete-operation-for-two-strings.njsproj", "{81D8EE8E-995A-468B-AAF6-D38E1FD3C119}"
EndProject
Global
	GlobalSection(SolutionConfigurationPlatforms) = preSolution
		Debug|Any CPU = Debug|Any CPU
		Release|Any CPU = Release|Any CPU
	EndGlobalSection
	GlobalSection(ProjectConfigurationPlatforms) = postSolution
		{19ABBB78-6A30-4E43-95E3-385C06924D64}.Debug|Any CPU.ActiveCfg = Debug|Any CPU
		{19ABBB78-6A30-4E43-95E3-385C06924D64}.Debug|Any CPU.Build.0 = Debug|Any CPU
		{19ABBB78-6A30-4E43-95E3-385C06924D64}.Release|Any CPU.ActiveCfg = Release|Any CPU
		{19ABBB78-6A30-4E43-95E3-385C06924D64}.Release|Any CPU.Build.0 = Release|Any CPU
		{B748A195-400E-4296-928C-A5D66BB43D56}.Debug|Any CPU.ActiveCfg = Debug|Any CPU
		{B748A195-400E-4296-928C-A5D66BB43D56}.Debug|Any CPU.Build.0 = Debug|Any CPU
		{B748A195-400E-4296-928C-A5D66BB43D56}.Release|Any CPU.ActiveCfg = Release|Any CPU
		{B748A195-400E-4296-928C-A5D66BB43D56}.Release|Any CPU.Build.0 = Release|Any CPU
		{A38498BD-B0F2-47E0-8812-1F3ADC9C592F}.Debug|Any CPU.ActiveCfg = Debug|Any CPU
		{A38498BD-B0F2-47E0-8812-1F3ADC9C592F}.Debug|Any CPU.Build.0 = Debug|Any CPU
		{A38498BD-B0F2-47E0-8812-1F3ADC9C592F}.Release|Any CPU.ActiveCfg = Release|Any CPU
		{A38498BD-B0F2-47E0-8812-1F3ADC9C592F}.Release|Any CPU.Build.0 = Release|Any CPU
		{8DA75009-6207-401E-90D6-30A7EE4B5CC9}.Debug|Any CPU.ActiveCfg = Debug|Any CPU
		{8DA75009-6207-401E-90D6-30A7EE4B5CC9}.Debug|Any CPU.Build.0 = Debug|Any CPU
		{8DA75009-6207-401E-90D6-30A7EE4B5CC9}.Release|Any CPU.ActiveCfg = Release|Any CPU
		{8DA75009-6207-401E-90D6-30A7EE4B5CC9}.Release|Any CPU.Build.0 = Release|Any CPU
		{DA8F3A89-4603-4BD0-A0C3-6FB2036476D6}.Debug|Any CPU.ActiveCfg = Debug|Any CPU
		{DA8F3A89-4603-4BD0-A0C3-6FB2036476D6}.Debug|Any CPU.Build.0 = Debug|Any CPU
		{DA8F3A89-4603-4BD0-A0C3-6FB2036476D6}.Release|Any CPU.ActiveCfg = Release|Any CPU
		{DA8F3A89-4603-4BD0-A0C3-6FB2036476D6}.Release|Any CPU.Build.0 = Release|Any CPU
		{7801A3A4-3DF5-4E38-950F-E0DDAE061B7A}.Debug|Any CPU.ActiveCfg = Debug|Any CPU
		{7801A3A4-3DF5-4E38-950F-E0DDAE061B7A}.Debug|Any CPU.Build.0 = Debug|Any CPU
		{7801A3A4-3DF5-4E38-950F-E0DDAE061B7A}.Release|Any CPU.ActiveCfg = Release|Any CPU
		{7801A3A4-3DF5-4E38-950F-E0DDAE061B7A}.Release|Any CPU.Build.0 = Release|Any CPU
		{DB8CF351-A367-4482-B9EE-CC3E7B315D3C}.Debug|Any CPU.ActiveCfg = Debug|Any CPU
		{DB8CF351-A367-4482-B9EE-CC3E7B315D3C}.Debug|Any CPU.Build.0 = Debug|Any CPU
		{DB8CF351-A367-4482-B9EE-CC3E7B315D3C}.Release|Any CPU.ActiveCfg = Release|Any CPU
		{DB8CF351-A367-4482-B9EE-CC3E7B315D3C}.Release|Any CPU.Build.0 = Release|Any CPU
		{F2E7CFC0-99CF-498A-9F3B-4BE8F3C706EE}.Debug|Any CPU.ActiveCfg = Debug|Any CPU
		{F2E7CFC0-99CF-498A-9F3B-4BE8F3C706EE}.Debug|Any CPU.Build.0 = Debug|Any CPU
		{F2E7CFC0-99CF-498A-9F3B-4BE8F3C706EE}.Release|Any CPU.ActiveCfg = Release|Any CPU
		{F2E7CFC0-99CF-498A-9F3B-4BE8F3C706EE}.Release|Any CPU.Build.0 = Release|Any CPU
		{9BF93C53-8678-405B-9FC9-F92F620017AB}.Debug|Any CPU.ActiveCfg = Debug|Any CPU
		{9BF93C53-8678-405B-9FC9-F92F620017AB}.Debug|Any CPU.Build.0 = Debug|Any CPU
		{9BF93C53-8678-405B-9FC9-F92F620017AB}.Release|Any CPU.ActiveCfg = Release|Any CPU
		{9BF93C53-8678-405B-9FC9-F92F620017AB}.Release|Any CPU.Build.0 = Release|Any CPU
		{0925A35B-7E7B-4BEC-98F9-3D4E384FD5E7}.Debug|Any CPU.ActiveCfg = Debug|Any CPU
		{0925A35B-7E7B-4BEC-98F9-3D4E384FD5E7}.Debug|Any CPU.Build.0 = Debug|Any CPU
		{0925A35B-7E7B-4BEC-98F9-3D4E384FD5E7}.Release|Any CPU.ActiveCfg = Release|Any CPU
		{0925A35B-7E7B-4BEC-98F9-3D4E384FD5E7}.Release|Any CPU.Build.0 = Release|Any CPU
		{B9A1D3E0-0AD0-457E-9126-426E6BDECF63}.Debug|Any CPU.ActiveCfg = Debug|Any CPU
		{B9A1D3E0-0AD0-457E-9126-426E6BDECF63}.Debug|Any CPU.Build.0 = Debug|Any CPU
		{B9A1D3E0-0AD0-457E-9126-426E6BDECF63}.Release|Any CPU.ActiveCfg = Release|Any CPU
		{B9A1D3E0-0AD0-457E-9126-426E6BDECF63}.Release|Any CPU.Build.0 = Release|Any CPU
		{629EB8AB-91B2-4FBF-968E-3EF42187262E}.Debug|Any CPU.ActiveCfg = Debug|Any CPU
		{629EB8AB-91B2-4FBF-968E-3EF42187262E}.Debug|Any CPU.Build.0 = Debug|Any CPU
		{629EB8AB-91B2-4FBF-968E-3EF42187262E}.Release|Any CPU.ActiveCfg = Release|Any CPU
		{629EB8AB-91B2-4FBF-968E-3EF42187262E}.Release|Any CPU.Build.0 = Release|Any CPU
		{81D8EE8E-995A-468B-AAF6-D38E1FD3C119}.Debug|Any CPU.ActiveCfg = Debug|Any CPU
		{81D8EE8E-995A-468B-AAF6-D38E1FD3C119}.Debug|Any CPU.Build.0 = Debug|Any CPU
		{81D8EE8E-995A-468B-AAF6-D38E1FD3C119}.Release|Any CPU.ActiveCfg = Release|Any CPU
		{81D8EE8E-995A-468B-AAF6-D38E1FD3C119}.Release|Any CPU.Build.0 = Release|Any CPU
	EndGlobalSection
	GlobalSection(SolutionProperties) = preSolution
		HideSolutionNode = FALSE
	EndGlobalSection
	GlobalSection(ExtensibilityGlobals) = postSolution
		SolutionGuid = {3DC3826D-F2C6-473E-8EA4-B19F58A62991}
	EndGlobalSection
EndGlobal
